version = 1
requires-python = ">=3.12, <4"

[[package]]
name = "awstools"
version = "0.1.0"
source = { editable = "." }
dependencies = [
    { name = "boto3" },
    { name = "click" },
]

[package.dev-dependencies]
dev = [
    { name = "ruff" },
]

[package.metadata]
requires-dist = [
    { name = "boto3", specifier = ">=1.34.154,<2" },
    { name = "click", specifier = ">=8.1.7,<9" },
]

[package.metadata.requires-dev]
dev = [{ name = "ruff", specifier = ">=0.5.6,<0.6" }]

[[package]]
name = "boto3"
version = "1.34.154"
source = { registry = "https://pypi.org/simple" }
dependencies = [
    { name = "botocore" },
    { name = "jmespath" },
    { name = "s3transfer" },
]
sdist = { url = "https://files.pythonhosted.org/packages/e5/5e/f3cf84660c1cbda65a42bfebdad345130370ba88e986fbfbba5b3a5e6093/boto3-1.34.154.tar.gz", hash = "sha256:864f06528c583dc7b02adf12db395ecfadbf9cb0da90e907e848ffb27128ce19", size = 108631 }
wheels = [
    { url = "https://files.pythonhosted.org/packages/ec/fe/2261339ad73171894f968e9e1b726e7ab8da26e551fd516727e5648f228a/boto3-1.34.154-py3-none-any.whl", hash = "sha256:7ca22adef4c77ee128e1e1dc7d48bc9512a87cc6fe3d771b3f913d5ecd41c057", size = 139172 },
]

[[package]]
name = "botocore"
version = "1.34.154"
source = { registry = "https://pypi.org/simple" }
dependencies = [
    { name = "jmespath" },
    { name = "python-dateutil" },
    { name = "urllib3" },
]
sdist = { url = "https://files.pythonhosted.org/packages/a2/20/44168e06fd5032edbf9741e6ba4b677f68ab1f4730387200af89776a8158/botocore-1.34.154.tar.gz", hash = "sha256:64d9b4c85a504d77cb56dabb2ad717cd8e1717424a88edb458b01d1e5797262a", size = 12659108 }
wheels = [
    { url = "https://files.pythonhosted.org/packages/cf/a3/14884fce62c7b44c063d89c9d7f9bf24a33a457339c3b15115933423efcb/botocore-1.34.154-py3-none-any.whl", hash = "sha256:4eef4b1bb809b382ba9dc9c88f5fcc4a133f221a1acb693ee6bee4de9f325979", size = 12452237 },
]

[[package]]
name = "click"
version = "8.1.7"
source = { registry = "https://pypi.org/simple" }
dependencies = [
    { name = "colorama", marker = "sys_platform == 'win32'" },
]
sdist = { url = "https://files.pythonhosted.org/packages/96/d3/f04c7bfcf5c1862a2a5b845c6b2b360488cf47af55dfa79c98f6a6bf98b5/click-8.1.7.tar.gz", hash = "sha256:ca9853ad459e787e2192211578cc907e7594e294c7ccc834310722b41b9ca6de", size = 336121 }
wheels = [
    { url = "https://files.pythonhosted.org/packages/00/2e/d53fa4befbf2cfa713304affc7ca780ce4fc1fd8710527771b58311a3229/click-8.1.7-py3-none-any.whl", hash = "sha256:ae74fb96c20a0277a1d615f1e4d73c8414f5a98db8b799a7931d1582f3390c28", size = 97941 },
]

[[package]]
name = "colorama"
version = "0.4.6"
source = { registry = "https://pypi.org/simple" }
sdist = { url = "https://files.pythonhosted.org/packages/d8/53/6f443c9a4a8358a93a6792e2acffb9d9d5cb0a5cfd8802644b7b1c9a02e4/colorama-0.4.6.tar.gz", hash = "sha256:08695f5cb7ed6e0531a20572697297273c47b8cae5a63ffc6d6ed5c201be6e44", size = 27697 }
wheels = [
    { url = "https://files.pythonhosted.org/packages/d1/d6/3965ed04c63042e047cb6a3e6ed1a63a35087b6a609aa3a15ed8ac56c221/colorama-0.4.6-py2.py3-none-any.whl", hash = "sha256:4f1d9991f5acc0ca119f9d443620b77f9d6b33703e51011c16baf57afb285fc6", size = 25335 },
]

[[package]]
name = "jmespath"
version = "1.0.1"
source = { registry = "https://pypi.org/simple" }
sdist = { url = "https://files.pythonhosted.org/packages/00/2a/e867e8531cf3e36b41201936b7fa7ba7b5702dbef42922193f05c8976cd6/jmespath-1.0.1.tar.gz", hash = "sha256:90261b206d6defd58fdd5e85f478bf633a2901798906be2ad389150c5c60edbe", size = 25843 }
wheels = [
    { url = "https://files.pythonhosted.org/packages/31/b4/b9b800c45527aadd64d5b442f9b932b00648617eb5d63d2c7a6587b7cafc/jmespath-1.0.1-py3-none-any.whl", hash = "sha256:02e2e4cc71b5bcab88332eebf907519190dd9e6e82107fa7f83b1003a6252980", size = 20256 },
]

[[package]]
name = "python-dateutil"
version = "2.9.0.post0"
source = { registry = "https://pypi.org/simple" }
dependencies = [
    { name = "six" },
]
sdist = { url = "https://files.pythonhosted.org/packages/66/c0/0c8b6ad9f17a802ee498c46e004a0eb49bc148f2fd230864601a86dcf6db/python-dateutil-2.9.0.post0.tar.gz", hash = "sha256:37dd54208da7e1cd875388217d5e00ebd4179249f90fb72437e91a35459a0ad3", size = 342432 }
wheels = [
    { url = "https://files.pythonhosted.org/packages/ec/57/56b9bcc3c9c6a792fcbaf139543cee77261f3651ca9da0c93f5c1221264b/python_dateutil-2.9.0.post0-py2.py3-none-any.whl", hash = "sha256:a8b2bc7bffae282281c8140a97d3aa9c14da0b136dfe83f850eea9a5f7470427", size = 229892 },
]

[[package]]
name = "ruff"
version = "0.5.6"
source = { registry = "https://pypi.org/simple" }
sdist = { url = "https://files.pythonhosted.org/packages/f7/69/96766da2cdb5605e6a31ef2734aff0be17901cefb385b885c2ab88896d76/ruff-0.5.6.tar.gz", hash = "sha256:07c9e3c2a8e1fe377dd460371c3462671a728c981c3205a5217291422209f642", size = 2444466 }
wheels = [
    { url = "https://files.pythonhosted.org/packages/85/54/af603686de0e9ba6c1798bd83d335e345e7c9ce4deed95a1071448bb6563/ruff-0.5.6-py3-none-linux_armv6l.whl", hash = "sha256:a0ef5930799a05522985b9cec8290b185952f3fcd86c1772c3bdbd732667fdcd", size = 9543715 },
    { url = "https://files.pythonhosted.org/packages/81/86/b22d250e1be2dcd11c749817d0cfe8be37efce6e6862c92ea037bedf6df9/ruff-0.5.6-py3-none-macosx_10_12_x86_64.whl", hash = "sha256:b652dc14f6ef5d1552821e006f747802cc32d98d5509349e168f6bf0ee9f8f42", size = 8662814 },
    { url = "https://files.pythonhosted.org/packages/d2/e2/f97c58797fac1c7dd8226becfed55056fa7bbfb6d9c2e93900f2a27b540e/ruff-0.5.6-py3-none-macosx_11_0_arm64.whl", hash = "sha256:80521b88d26a45e871f31e4b88938fd87db7011bb961d8afd2664982dfc3641a", size = 8230427 },
    { url = "https://files.pythonhosted.org/packages/24/70/9f00cf1e2b50476751808ac6ebbfaa6dab3abab5514058f6bbca28a790bc/ruff-0.5.6-py3-none-manylinux_2_17_aarch64.manylinux2014_aarch64.whl", hash = "sha256:d9bc8f328a9f1309ae80e4d392836e7dbc77303b38ed4a7112699e63d3b066ab", size = 9976713 },
    { url = "https://files.pythonhosted.org/packages/9b/02/309b171d867d819b7c76c46489597341ce85d70fefa05102a95130440005/ruff-0.5.6-py3-none-manylinux_2_17_armv7l.manylinux2014_armv7l.whl", hash = "sha256:4d394940f61f7720ad371ddedf14722ee1d6250fd8d020f5ea5a86e7be217daf", size = 9345335 },
    { url = "https://files.pythonhosted.org/packages/37/42/74b84b97815a0b940f1438ff554ead1405d2556ff8e2da58d3c3068a2093/ruff-0.5.6-py3-none-manylinux_2_17_i686.manylinux2014_i686.whl", hash = "sha256:111a99cdb02f69ddb2571e2756e017a1496c2c3a2aeefe7b988ddab38b416d36", size = 10140380 },
    { url = "https://files.pythonhosted.org/packages/47/0c/705b979fe814498dfc3977bcdbf8c47059d2ed37b1c2128f1b77612eea82/ruff-0.5.6-py3-none-manylinux_2_17_ppc64.manylinux2014_ppc64.whl", hash = "sha256:e395daba77a79f6dc0d07311f94cc0560375ca20c06f354c7c99af3bf4560c5d", size = 10853490 },
    { url = "https://files.pythonhosted.org/packages/56/f1/400cc9a533fadba676783a2116526d1c26063d3228105bc75fa1c32a092b/ruff-0.5.6-py3-none-manylinux_2_17_ppc64le.manylinux2014_ppc64le.whl", hash = "sha256:c476acb43c3c51e3c614a2e878ee1589655fa02dab19fe2db0423a06d6a5b1b6", size = 10425500 },
    { url = "https://files.pythonhosted.org/packages/f3/cd/f2cf6bc23a4293e3f8c365138f7279eea9179d1c4d3e09546d64daea40da/ruff-0.5.6-py3-none-manylinux_2_17_s390x.manylinux2014_s390x.whl", hash = "sha256:e2ff8003f5252fd68425fd53d27c1f08b201d7ed714bb31a55c9ac1d4c13e2eb", size = 11407463 },
    { url = "https://files.pythonhosted.org/packages/f8/cc/227428f39f8834d281b6d18f84f53e08a840ed63dec259e5e5e502284cec/ruff-0.5.6-py3-none-manylinux_2_17_x86_64.manylinux2014_x86_64.whl", hash = "sha256:c94e084ba3eaa80c2172918c2ca2eb2230c3f15925f4ed8b6297260c6ef179ad", size = 10160402 },
    { url = "https://files.pythonhosted.org/packages/f3/61/218890d960ca146d3822e981a34834995081f3b741b82ca2585fd5ebc521/ruff-0.5.6-py3-none-musllinux_1_2_aarch64.whl", hash = "sha256:1f77c1c3aa0669fb230b06fb24ffa3e879391a3ba3f15e3d633a752da5a3e670", size = 9971344 },
    { url = "https://files.pythonhosted.org/packages/f1/20/bd444745ff7b51e497332ecf3f550bb62871dd24d61960997049fdbed268/ruff-0.5.6-py3-none-musllinux_1_2_armv7l.whl", hash = "sha256:f908148c93c02873210a52cad75a6eda856b2cbb72250370ce3afef6fb99b1ed", size = 9417963 },
    { url = "https://files.pythonhosted.org/packages/30/03/69b6d3735f284d93324ca31e36316574501130393f1a8e328a74775f4fb5/ruff-0.5.6-py3-none-musllinux_1_2_i686.whl", hash = "sha256:563a7ae61ad284187d3071d9041c08019975693ff655438d8d4be26e492760bd", size = 9769870 },
    { url = "https://files.pythonhosted.org/packages/7f/19/1c86dc40abef457124bb4abf90c68688eb2c7f9944903240c3b93d511360/ruff-0.5.6-py3-none-musllinux_1_2_x86_64.whl", hash = "sha256:94fe60869bfbf0521e04fd62b74cbca21cbc5beb67cbb75ab33fe8c174f54414", size = 10229991 },
    { url = "https://files.pythonhosted.org/packages/65/a7/60a19f3cfccdea5815bc31971f523f5b2ecd08162b05d1a0d5b8c37dff59/ruff-0.5.6-py3-none-win32.whl", hash = "sha256:e6a584c1de6f8591c2570e171cc7ce482bb983d49c70ddf014393cd39e9dfaed", size = 7789030 },
    { url = "https://files.pythonhosted.org/packages/27/c6/b51987072bba4a56537b6fc7036d9bf0694a9de6cceddaa0761475658632/ruff-0.5.6-py3-none-win_amd64.whl", hash = "sha256:d7fe7dccb1a89dc66785d7aa0ac283b2269712d8ed19c63af908fdccca5ccc1a", size = 8690520 },
    { url = "https://files.pythonhosted.org/packages/c0/b1/712801cf487fd78554029b02f980e24531f5994e2bf79b7ac55c1659dd52/ruff-0.5.6-py3-none-win_arm64.whl", hash = "sha256:57c6c0dd997b31b536bff49b9eee5ed3194d60605a4427f735eeb1f9c1b8d264", size = 8101938 },
]

[[package]]
name = "s3transfer"
version = "0.10.2"
source = { registry = "https://pypi.org/simple" }
dependencies = [
    { name = "botocore" },
]
sdist = { url = "https://files.pythonhosted.org/packages/cb/67/94c6730ee4c34505b14d94040e2f31edf144c230b6b49e971b4f25ff8fab/s3transfer-0.10.2.tar.gz", hash = "sha256:0711534e9356d3cc692fdde846b4a1e4b0cb6519971860796e6bc4c7aea00ef6", size = 144095 }
wheels = [
    { url = "https://files.pythonhosted.org/packages/3c/4a/b221409913760d26cf4498b7b1741d510c82d3ad38381984a3ddc135ec66/s3transfer-0.10.2-py3-none-any.whl", hash = "sha256:eca1c20de70a39daee580aef4986996620f365c4e0fda6a86100231d62f1bf69", size = 82716 },
]

[[package]]
name = "six"
version = "1.16.0"
source = { registry = "https://pypi.org/simple" }
sdist = { url = "https://files.pythonhosted.org/packages/71/39/171f1c67cd00715f190ba0b100d606d440a28c93c7714febeca8b79af85e/six-1.16.0.tar.gz", hash = "sha256:1e61c37477a1626458e36f7b1d82aa5c9b094fa4802892072e49de9c60c4c926", size = 34041 }
wheels = [
    { url = "https://files.pythonhosted.org/packages/d9/5a/e7c31adbe875f2abbb91bd84cf2dc52d792b5a01506781dbcf25c91daf11/six-1.16.0-py2.py3-none-any.whl", hash = "sha256:8abb2f1d86890a2dfb989f9a77cfcfd3e47c2a354b01111771326f8aa26e0254", size = 11053 },
]

[[package]]
name = "urllib3"
version = "2.2.2"
source = { registry = "https://pypi.org/simple" }
sdist = { url = "https://files.pythonhosted.org/packages/43/6d/fa469ae21497ddc8bc93e5877702dca7cb8f911e337aca7452b5724f1bb6/urllib3-2.2.2.tar.gz", hash = "sha256:dd505485549a7a552833da5e6063639d0d177c04f23bc3864e41e5dc5f612168", size = 292266 }
wheels = [
    { url = "https://files.pythonhosted.org/packages/ca/1c/89ffc63a9605b583d5df2be791a27bc1a42b7c32bab68d3c8f2f73a98cd4/urllib3-2.2.2-py3-none-any.whl", hash = "sha256:a448b2f64d686155468037e1ace9f2d2199776e17f0a46610480d311f73e3472", size = 121444 },
]
